
Microsoft Visual Studio Solution File, Format Version 12.00
# Visual Studio Version 16
VisualStudioVersion = 16.0.29209.62
MinimumVisualStudioVersion = 10.0.40219.1
Project("{F184B08F-C81C-45F6-A57F-5ABD9991F28F}") = "Yeelight_Button", "Yeelight_Button.vbproj", "{6D7E66FF-25FE-4CBF-8A27-744C1C731B7B}"
EndProject
Global
	GlobalSection(SolutionConfigurationPlatforms) = preSolution
		Debug|Any CPU = Debug|Any CPU
		Release|Any CPU = Release|Any CPU
	EndGlobalSection
	GlobalSection(ProjectConfigurationPlatforms) = postSolution
		{6D7E66FF-25FE-4CBF-8A27-744C1C731B7B}.Debug|Any CPU.ActiveCfg = Debug|Any CPU
		{6D7E66FF-25FE-4CBF-8A27-744C1C731B7B}.Debug|Any CPU.Build.0 = Debug|Any CPU
		{6D7E66FF-25FE-4CBF-8A27-744C1C731B7B}.Release|Any CPU.ActiveCfg = Release|Any CPU
		{6D7E66FF-25FE-4CBF-8A27-744C1C731B7B}.Release|Any CPU.Build.0 = Release|Any CPU
	EndGlobalSection
	GlobalSection(SolutionProperties) = preSolution
		HideSolutionNode = FALSE
	EndGlobalSection
	GlobalSection(ExtensibilityGlobals) = postSolution
		SolutionGuid = {5F4F8CC4-8516-4BFB-A940-B3B5F1FE6A1C}
	EndGlobalSection
EndGlobal
